
Microsoft Visual Studio Solution File, Format Version 12.00
# Visual Studio Version 17
VisualStudioVersion = 17.6.33723.286
MinimumVisualStudioVersion = 10.0.40219.1
Project("{FAE04EC0-301F-11D3-BF4B-00C04F79EFBC}") = "Armor-Multiverse", "Armor-Multiverse\Armor-Multiverse.csproj", "{15065D22-A74A-43FC-B0E5-29DC86CC9913}"
EndProject
Global
	GlobalSection(SolutionConfigurationPlatforms) = preSolution
		Debug|Any CPU = Debug|Any CPU
		Release|Any CPU = Release|Any CPU
	EndGlobalSection
	GlobalSection(ProjectConfigurationPlatforms) = postSolution
		{15065D22-A74A-43FC-B0E5-29DC86CC9913}.Debug|Any CPU.ActiveCfg = Debug|Any CPU
		{15065D22-A74A-43FC-B0E5-29DC86CC9913}.Debug|Any CPU.Build.0 = Debug|Any CPU
		{15065D22-A74A-43FC-B0E5-29DC86CC9913}.Release|Any CPU.ActiveCfg = Release|Any CPU
		{15065D22-A74A-43FC-B0E5-29DC86CC9913}.Release|Any CPU.Build.0 = Release|Any CPU
	EndGlobalSection
	GlobalSection(SolutionProperties) = preSolution
		HideSolutionNode = FALSE
	EndGlobalSection
	GlobalSection(ExtensibilityGlobals) = postSolution
		SolutionGuid = {67A86F28-A5F7-4E96-9B61-B1602249D692}
	EndGlobalSection
EndGlobal
